
Microsoft Visual Studio Solution File, Format Version 12.00
# Visual Studio Version 17
VisualStudioVersion = 17.4.33122.133
MinimumVisualStudioVersion = 10.0.40219.1
Project("{FAE04EC0-301F-11D3-BF4B-00C04F79EFBC}") = "PLF2_A", "PLF2_A\PLF2_A.csproj", "{B87BAB42-8441-46ED-ACCB-BEF9DD6548CB}"
EndProject
Global
	GlobalSection(SolutionConfigurationPlatforms) = preSolution
		Debug|Any CPU = Debug|Any CPU
		Release|Any CPU = Release|Any CPU
	EndGlobalSection
	GlobalSection(ProjectConfigurationPlatforms) = postSolution
		{B87BAB42-8441-46ED-ACCB-BEF9DD6548CB}.Debug|Any CPU.ActiveCfg = Debug|Any CPU
		{B87BAB42-8441-46ED-ACCB-BEF9DD6548CB}.Debug|Any CPU.Build.0 = Debug|Any CPU
		{B87BAB42-8441-46ED-ACCB-BEF9DD6548CB}.Release|Any CPU.ActiveCfg = Release|Any CPU
		{B87BAB42-8441-46ED-ACCB-BEF9DD6548CB}.Release|Any CPU.Build.0 = Release|Any CPU
	EndGlobalSection
	GlobalSection(SolutionProperties) = preSolution
		HideSolutionNode = FALSE
	EndGlobalSection
	GlobalSection(ExtensibilityGlobals) = postSolution
		SolutionGuid = {E9A7FCD9-9073-44EA-8668-D0EF29F14295}
	EndGlobalSection
EndGlobal
